// !$*UTF8*$!
{
	archiveVersion = 1;
	classes = {
	};
	objectVersion = 46;
	objects = {

/* Begin PBXBuildFile section */
		B62912BC1D03B7BA00B49DC3 /* AppDelegate.swift in Sources */ = {isa = PBXBuildFile; fileRef = B62912BB1D03B7BA00B49DC3 /* AppDelegate.swift */; };
		B62912BE1D03B7BA00B49DC3 /* ViewController.swift in Sources */ = {isa = PBXBuildFile; fileRef = B62912BD1D03B7BA00B49DC3 /* ViewController.swift */; };
		B62912C11D03B7BA00B49DC3 /* Main.storyboard in Resources */ = {isa = PBXBuildFile; fileRef = B62912BF1D03B7BA00B49DC3 /* Main.storyboard */; };
		B62912C31D03B7BA00B49DC3 /* Assets.xcassets in Resources */ = {isa = PBXBuildFile; fileRef = B62912C21D03B7BA00B49DC3 /* Assets.xcassets */; };
		B62912C61D03B7BA00B49DC3 /* LaunchScreen.storyboard in Resources */ = {isa = PBXBuildFile; fileRef = B62912C41D03B7BA00B49DC3 /* LaunchScreen.storyboard */; };
		B62912D11D03B7BA00B49DC3 /* CheckTestTests.swift in Sources */ = {isa = PBXBuildFile; fileRef = B62912D01D03B7BA00B49DC3 /* CheckTestTests.swift */; };
		B62912DC1D03B7BA00B49DC3 /* CheckTestUITests.swift in Sources */ = {isa = PBXBuildFile; fileRef = B62912DB1D03B7BA00B49DC3 /* CheckTestUITests.swift */; };
/* End PBXBuildFile section */

/* Begin PBXContainerItemProxy section */
		B62912CD1D03B7BA00B49DC3 /* PBXContainerItemProxy */ = {
			isa = PBXContainerItemProxy;
			containerPortal = B62912B01D03B7BA00B49DC3 /* Project object */;
			proxyType = 1;
			remoteGlobalIDString = B62912B71D03B7BA00B49DC3;
			remoteInfo = CheckTest;
		};
		B62912D81D03B7BA00B49DC3 /* PBXContainerItemProxy */ = {
			isa = PBXContainerItemProxy;
			containerPortal = B62912B01D03B7BA00B49DC3 /* Project object */;
			proxyType = 1;
			remoteGlobalIDString = B62912B71D03B7BA00B49DC3;
			remoteInfo = CheckTest;
		};
/* End PBXContainerItemProxy section */

/* Begin PBXFileReference section */
		B62912B81D03B7BA00B49DC3 /* CheckTest.app */ = {isa = PBXFileReference; explicitFileType = wrapper.application; includeInIndex = 0; path = CheckTest.app; sourceTree = BUILT_PRODUCTS_DIR; };
		B62912BB1D03B7BA00B49DC3 /* AppDelegate.swift */ = {isa = PBXFileReference; lastKnownFileType = sourcecode.swift; path = AppDelegate.swift; sourceTree = "<group>"; };
		B62912BD1D03B7BA00B49DC3 /* ViewController.swift */ = {isa = PBXFileReference; lastKnownFileType = sourcecode.swift; path = ViewController.swift; sourceTree = "<group>"; };
		B62912C01D03B7BA00B49DC3 /* Base */ = {isa = PBXFileReference; lastKnownFileType = file.storyboard; name = Base; path = Base.lproj/Main.storyboard; sourceTree = "<group>"; };
		B62912C21D03B7BA00B49DC3 /* Assets.xcassets */ = {isa = PBXFileReference; lastKnownFileType = folder.assetcatalog; path = Assets.xcassets; sourceTree = "<group>"; };
		B62912C51D03B7BA00B49DC3 /* Base */ = {isa = PBXFileReference; lastKnownFileType = file.storyboard; name = Base; path = Base.lproj/LaunchScreen.storyboard; sourceTree = "<group>"; };
		B62912C71D03B7BA00B49DC3 /* Info.plist */ = {isa = PBXFileReference; lastKnownFileType = text.plist.xml; path = Info.plist; sourceTree = "<group>"; };
		B62912CC1D03B7BA00B49DC3 /* CheckTestTests.xctest */ = {isa = PBXFileReference; explicitFileType = wrapper.cfbundle; includeInIndex = 0; path = CheckTestTests.xctest; sourceTree = BUILT_PRODUCTS_DIR; };
		B62912D01D03B7BA00B49DC3 /* CheckTestTests.swift */ = {isa = PBXFileReference; lastKnownFileType = sourcecode.swift; path = CheckTestTests.swift; sourceTree = "<group>"; };
		B62912D21D03B7BA00B49DC3 /* Info.plist */ = {isa = PBXFileReference; lastKnownFileType = text.plist.xml; path = Info.plist; sourceTree = "<group>"; };
		B62912D71D03B7BA00B49DC3 /* CheckTestUITests.xctest */ = {isa = PBXFileReference; explicitFileType = wrapper.cfbundle; includeInIndex = 0; path = CheckTestUITests.xctest; sourceTree = BUILT_PRODUCTS_DIR; };
		B62912DB1D03B7BA00B49DC3 /* CheckTestUITests.swift */ = {isa = PBXFileReference; lastKnownFileType = sourcecode.swift; path = CheckTestUITests.swift; sourceTree = "<group>"; };
		B62912DD1D03B7BA00B49DC3 /* Info.plist */ = {isa = PBXFileReference; lastKnownFileType = text.plist.xml; path = Info.plist; sourceTree = "<group>"; };
/* End PBXFileReference section */

/* Begin PBXFrameworksBuildPhase section */
		B62912B51D03B7BA00B49DC3 /* Frameworks */ = {
			isa = PBXFrameworksBuildPhase;
			buildActionMask = 2147483647;
			files = (
			);
			runOnlyForDeploymentPostprocessing = 0;
		};
		B62912C91D03B7BA00B49DC3 /* Frameworks */ = {
			isa = PBXFrameworksBuildPhase;
			buildActionMask = 2147483647;
			files = (
			);
			runOnlyForDeploymentPostprocessing = 0;
		};
		B62912D41D03B7BA00B49DC3 /* Frameworks */ = {
			isa = PBXFrameworksBuildPhase;
			buildActionMask = 2147483647;
			files = (
			);
			runOnlyForDeploymentPostprocessing = 0;
		};
/* End PBXFrameworksBuildPhase section */

/* Begin PBXGroup section */
		B62912AF1D03B7BA00B49DC3 = {
			isa = PBXGroup;
			children = (
				B62912BA1D03B7BA00B49DC3 /* CheckTest */,
				B62912CF1D03B7BA00B49DC3 /* CheckTestTests */,
				B62912DA1D03B7BA00B49DC3 /* CheckTestUITests */,
				B62912B91D03B7BA00B49DC3 /* Products */,
			);
			sourceTree = "<group>";
		};
		B62912B91D03B7BA00B49DC3 /* Products */ = {
			isa = PBXGroup;
			children = (
				B62912B81D03B7BA00B49DC3 /* CheckTest.app */,
				B62912CC1D03B7BA00B49DC3 /* CheckTestTests.xctest */,
				B62912D71D03B7BA00B49DC3 /* CheckTestUITests.xctest */,
			);
			name = Products;
			sourceTree = "<group>";
		};
		B62912BA1D03B7BA00B49DC3 /* CheckTest */ = {
			isa = PBXGroup;
			children = (
				B62912BB1D03B7BA00B49DC3 /* AppDelegate.swift */,
				B62912BD1D03B7BA00B49DC3 /* ViewController.swift */,
				B62912BF1D03B7BA00B49DC3 /* Main.storyboard */,
				B62912C21D03B7BA00B49DC3 /* Assets.xcassets */,
				B62912C41D03B7BA00B49DC3 /* LaunchScreen.storyboard */,
				B62912C71D03B7BA00B49DC3 /* Info.plist */,
			);
			path = CheckTest;
			sourceTree = "<group>";
		};
		B62912CF1D03B7BA00B49DC3 /* CheckTestTests */ = {
			isa = PBXGroup;
			children = (
				B62912D01D03B7BA00B49DC3 /* CheckTestTests.swift */,
				B62912D21D03B7BA00B49DC3 /* Info.plist */,
			);
			path = CheckTestTests;
			sourceTree = "<group>";
		};
		B62912DA1D03B7BA00B49DC3 /* CheckTestUITests */ = {
			isa = PBXGroup;
			children = (
				B62912DB1D03B7BA00B49DC3 /* CheckTestUITests.swift */,
				B62912DD1D03B7BA00B49DC3 /* Info.plist */,
			);
			path = CheckTestUITests;
			sourceTree = "<group>";
		};
/* End PBXGroup section */

/* Begin PBXNativeTarget section */
		B62912B71D03B7BA00B49DC3 /* CheckTest */ = {
			isa = PBXNativeTarget;
			buildConfigurationList = B62912E01D03B7BA00B49DC3 /* Build configuration list for PBXNativeTarget "CheckTest" */;
			buildPhases = (
				B62912B41D03B7BA00B49DC3 /* Sources */,
				B62912B51D03B7BA00B49DC3 /* Frameworks */,
				B62912B61D03B7BA00B49DC3 /* Resources */,
			);
			buildRules = (
			);
			dependencies = (
			);
			name = CheckTest;
			productName = CheckTest;
			productReference = B62912B81D03B7BA00B49DC3 /* CheckTest.app */;
			productType = "com.apple.product-type.application";
		};
		B62912CB1D03B7BA00B49DC3 /* CheckTestTests */ = {
			isa = PBXNativeTarget;
			buildConfigurationList = B62912E31D03B7BA00B49DC3 /* Build configuration list for PBXNativeTarget "CheckTestTests" */;
			buildPhases = (
				B62912C81D03B7BA00B49DC3 /* Sources */,
				B62912C91D03B7BA00B49DC3 /* Frameworks */,
				B62912CA1D03B7BA00B49DC3 /* Resources */,
			);
			buildRules = (
			);
			dependencies = (
				B62912CE1D03B7BA00B49DC3 /* PBXTargetDependency */,
			);
			name = CheckTestTests;
			productName = CheckTestTests;
			productReference = B62912CC1D03B7BA00B49DC3 /* CheckTestTests.xctest */;
			productType = "com.apple.product-type.bundle.unit-test";
		};
		B62912D61D03B7BA00B49DC3 /* CheckTestUITests */ = {
			isa = PBXNativeTarget;
			buildConfigurationList = B62912E61D03B7BA00B49DC3 /* Build configuration list for PBXNativeTarget "CheckTestUITests" */;
			buildPhases = (
				B62912D31D03B7BA00B49DC3 /* Sources */,
				B62912D41D03B7BA00B49DC3 /* Frameworks */,
				B62912D51D03B7BA00B49DC3 /* Resources */,
			);
			buildRules = (
			);
			dependencies = (
				B62912D91D03B7BA00B49DC3 /* PBXTargetDependency */,
			);
			name = CheckTestUITests;
			productName = CheckTestUITests;
			productReference = B62912D71D03B7BA00B49DC3 /* CheckTestUITests.xctest */;
			productType = "com.apple.product-type.bundle.ui-testing";
		};
/* End PBXNativeTarget section */

/* Begin PBXProject section */
		B62912B01D03B7BA00B49DC3 /* Project object */ = {
			isa = PBXProject;
			attributes = {
				LastSwiftUpdateCheck = 0730;
				LastUpgradeCheck = 0730;
				ORGANIZATIONNAME = yuki;
				TargetAttributes = {
					B62912B71D03B7BA00B49DC3 = {
						CreatedOnToolsVersion = 7.3;
					};
					B62912CB1D03B7BA00B49DC3 = {
						CreatedOnToolsVersion = 7.3;
						TestTargetID = B62912B71D03B7BA00B49DC3;
					};
					B62912D61D03B7BA00B49DC3 = {
						CreatedOnToolsVersion = 7.3;
						TestTargetID = B62912B71D03B7BA00B49DC3;
					};
				};
			};
			buildConfigurationList = B62912B31D03B7BA00B49DC3 /* Build configuration list for PBXProject "CheckTest" */;
			compatibilityVersion = "Xcode 3.2";
			developmentRegion = English;
			hasScannedForEncodings = 0;
			knownRegions = (
				en,
				Base,
			);
			mainGroup = B62912AF1D03B7BA00B49DC3;
			productRefGroup = B62912B91D03B7BA00B49DC3 /* Products */;
			projectDirPath = "";
			projectRoot = "";
			targets = (
				B62912B71D03B7BA00B49DC3 /* CheckTest */,
				B62912CB1D03B7BA00B49DC3 /* CheckTestTests */,
				B62912D61D03B7BA00B49DC3 /* CheckTestUITests */,
			);
		};
/* End PBXProject section */

/* Begin PBXResourcesBuildPhase section */
		B62912B61D03B7BA00B49DC3 /* Resources */ = {
			isa = PBXResourcesBuildPhase;
			buildActionMask = 2147483647;
			files = (
				B62912C61D03B7BA00B49DC3 /* LaunchScreen.storyboard in Resources */,
				B62912C31D03B7BA00B49DC3 /* Assets.xcassets in Resources */,
				B62912C11D03B7BA00B49DC3 /* Main.storyboard in Resources */,
			);
			runOnlyForDeploymentPostprocessing = 0;
		};
		B62912CA1D03B7BA00B49DC3 /* Resources */ = {
			isa = PBXResourcesBuildPhase;
			buildActionMask = 2147483647;
			files = (
			);
			runOnlyForDeploymentPostprocessing = 0;
		};
		B62912D51D03B7BA00B49DC3 /* Resources */ = {
			isa = PBXResourcesBuildPhase;
			buildActionMask = 2147483647;
			files = (
			);
			runOnlyForDeploymentPostprocessing = 0;
		};
/* End PBXResourcesBuildPhase section */

/* Begin PBXSourcesBuildPhase section */
		B62912B41D03B7BA00B49DC3 /* Sources */ = {
			isa = PBXSourcesBuildPhase;
			buildActionMask = 2147483647;
			files = (
				B62912BE1D03B7BA00B49DC3 /* ViewController.swift in Sources */,
				B62912BC1D03B7BA00B49DC3 /* AppDelegate.swift in Sources */,
			);
			runOnlyForDeploymentPostprocessing = 0;
		};
		B62912C81D03B7BA00B49DC3 /* Sources */ = {
			isa = PBXSourcesBuildPhase;
			buildActionMask = 2147483647;
			files = (
				B62912D11D03B7BA00B49DC3 /* CheckTestTests.swift in Sources */,
			);
			runOnlyForDeploymentPostprocessing = 0;
		};
		B62912D31D03B7BA00B49DC3 /* Sources */ = {
			isa = PBXSourcesBuildPhase;
			buildActionMask = 2147483647;
			files = (
				B62912DC1D03B7BA00B49DC3 /* CheckTestUITests.swift in Sources */,
			);
			runOnlyForDeploymentPostprocessing = 0;
		};
/* End PBXSourcesBuildPhase section */

/* Begin PBXTargetDependency section */
		B62912CE1D03B7BA00B49DC3 /* PBXTargetDependency */ = {
			isa = PBXTargetDependency;
			target = B62912B71D03B7BA00B49DC3 /* CheckTest */;
			targetProxy = B62912CD1D03B7BA00B49DC3 /* PBXContainerItemProxy */;
		};
		B62912D91D03B7BA00B49DC3 /* PBXTargetDependency */ = {
			isa = PBXTargetDependency;
			target = B62912B71D03B7BA00B49DC3 /* CheckTest */;
			targetProxy = B62912D81D03B7BA00B49DC3 /* PBXContainerItemProxy */;
		};
/* End PBXTargetDependency section */

/* Begin PBXVariantGroup section */
		B62912BF1D03B7BA00B49DC3 /* Main.storyboard */ = {
			isa = PBXVariantGroup;
			children = (
				B62912C01D03B7BA00B49DC3 /* Base */,
			);
			name = Main.storyboard;
			sourceTree = "<group>";
		};
		B62912C41D03B7BA00B49DC3 /* LaunchScreen.storyboard */ = {
			isa = PBXVariantGroup;
			children = (
				B62912C51D03B7BA00B49DC3 /* Base */,
			);
			name = LaunchScreen.storyboard;
			sourceTree = "<group>";
		};
/* End PBXVariantGroup section */

/* Begin XCBuildConfiguration section */
		B62912DE1D03B7BA00B49DC3 /* Debug */ = {
			isa = XCBuildConfiguration;
			buildSettings = {
				ALWAYS_SEARCH_USER_PATHS = NO;
				CLANG_ANALYZER_NONNULL = YES;
				CLANG_CXX_LANGUAGE_STANDARD = "gnu++0x";
				CLANG_CXX_LIBRARY = "libc++";
				CLANG_ENABLE_MODULES = YES;
				CLANG_ENABLE_OBJC_ARC = YES;
				CLANG_WARN_BOOL_CONVERSION = YES;
				CLANG_WARN_CONSTANT_CONVERSION = YES;
				CLANG_WARN_DIRECT_OBJC_ISA_USAGE = YES_ERROR;
				CLANG_WARN_EMPTY_BODY = YES;
				CLANG_WARN_ENUM_CONVERSION = YES;
				CLANG_WARN_INT_CONVERSION = YES;
				CLANG_WARN_OBJC_ROOT_CLASS = YES_ERROR;
				CLANG_WARN_UNREACHABLE_CODE = YES;
				CLANG_WARN__DUPLICATE_METHOD_MATCH = YES;
				"CODE_SIGN_IDENTITY[sdk=iphoneos*]" = "iPhone Developer";
				COPY_PHASE_STRIP = NO;
				DEBUG_INFORMATION_FORMAT = dwarf;
				ENABLE_STRICT_OBJC_MSGSEND = YES;
				ENABLE_TESTABILITY = YES;
				GCC_C_LANGUAGE_STANDARD = gnu99;
				GCC_DYNAMIC_NO_PIC = NO;
				GCC_NO_COMMON_BLOCKS = YES;
				GCC_OPTIMIZATION_LEVEL = 0;
				GCC_PREPROCESSOR_DEFINITIONS = (
					"DEBUG=1",
					"$(inherited)",
				);
				GCC_WARN_64_TO_32_BIT_CONVERSION = YES;
				GCC_WARN_ABOUT_RETURN_TYPE = YES_ERROR;
				GCC_WARN_UNDECLARED_SELECTOR = YES;
				GCC_WARN_UNINITIALIZED_AUTOS = YES_AGGRESSIVE;
				GCC_WARN_UNUSED_FUNCTION = YES;
				GCC_WARN_UNUSED_VARIABLE = YES;
				IPHONEOS_DEPLOYMENT_TARGET = 9.3;
				MTL_ENABLE_DEBUG_INFO = YES;
				ONLY_ACTIVE_ARCH = YES;
				SDKROOT = iphoneos;
				SWIFT_OPTIMIZATION_LEVEL = "-Onone";
			};
			name = Debug;
		};
		B62912DF1D03B7BA00B49DC3 /* Release */ = {
			isa = XCBuildConfiguration;
			buildSettings = {
				ALWAYS_SEARCH_USER_PATHS = NO;
				CLANG_ANALYZER_NONNULL = YES;
				CLANG_CXX_LANGUAGE_STANDARD = "gnu++0x";
				CLANG_CXX_LIBRARY = "libc++";
				CLANG_ENABLE_MODULES = YES;
				CLANG_ENABLE_OBJC_ARC = YES;
				CLANG_WARN_BOOL_CONVERSION = YES;
				CLANG_WARN_CONSTANT_CONVERSION = YES;
				CLANG_WARN_DIRECT_OBJC_ISA_USAGE = YES_ERROR;
				CLANG_WARN_EMPTY_BODY = YES;
				CLANG_WARN_ENUM_CONVERSION = YES;
				CLANG_WARN_INT_CONVERSION = YES;
				CLANG_WARN_OBJC_ROOT_CLASS = YES_ERROR;
				CLANG_WARN_UNREACHABLE_CODE = YES;
				CLANG_WARN__DUPLICATE_METHOD_MATCH = YES;
				"CODE_SIGN_IDENTITY[sdk=iphoneos*]" = "iPhone Developer";
				COPY_PHASE_STRIP = NO;
				DEBUG_INFORMATION_FORMAT = "dwarf-with-dsym";
				ENABLE_NS_ASSERTIONS = NO;
				ENABLE_STRICT_OBJC_MSGSEND = YES;
				GCC_C_LANGUAGE_STANDARD = gnu99;
				GCC_NO_COMMON_BLOCKS = YES;
				GCC_WARN_64_TO_32_BIT_CONVERSION = YES;
				GCC_WARN_ABOUT_RETURN_TYPE = YES_ERROR;
				GCC_WARN_UNDECLARED_SELECTOR = YES;
				GCC_WARN_UNINITIALIZED_AUTOS = YES_AGGRESSIVE;
				GCC_WARN_UNUSED_FUNCTION = YES;
				GCC_WARN_UNUSED_VARIABLE = YES;
				IPHONEOS_DEPLOYMENT_TARGET = 9.3;
				MTL_ENABLE_DEBUG_INFO = NO;
				SDKROOT = iphoneos;
				VALIDATE_PRODUCT = YES;
			};
			name = Release;
		};
		B62912E11D03B7BA00B49DC3 /* Debug */ = {
			isa = XCBuildConfiguration;
			buildSettings = {
				ASSETCATALOG_COMPILER_APPICON_NAME = AppIcon;
				INFOPLIST_FILE = CheckTest/Info.plist;
				LD_RUNPATH_SEARCH_PATHS = "$(inherited) @executable_path/Frameworks";
				PRODUCT_BUNDLE_IDENTIFIER = yuki.CheckTest;
				PRODUCT_NAME = "$(TARGET_NAME)";
			};
			name = Debug;
		};
		B62912E21D03B7BA00B49DC3 /* Release */ = {
			isa = XCBuildConfiguration;
			buildSettings = {
				ASSETCATALOG_COMPILER_APPICON_NAME = AppIcon;
				INFOPLIST_FILE = CheckTest/Info.plist;
				LD_RUNPATH_SEARCH_PATHS = "$(inherited) @executable_path/Frameworks";
				PRODUCT_BUNDLE_IDENTIFIER = yuki.CheckTest;
				PRODUCT_NAME = "$(TARGET_NAME)";
			};
			name = Release;
		};
		B62912E41D03B7BA00B49DC3 /* Debug */ = {
			isa = XCBuildConfiguration;
			buildSettings = {
				BUNDLE_LOADER = "$(TEST_HOST)";
				INFOPLIST_FILE = CheckTestTests/Info.plist;
				LD_RUNPATH_SEARCH_PATHS = "$(inherited) @executable_path/Frameworks @loader_path/Frameworks";
				PRODUCT_BUNDLE_IDENTIFIER = yuki.CheckTestTests;
				PRODUCT_NAME = "$(TARGET_NAME)";
				TEST_HOST = "$(BUILT_PRODUCTS_DIR)/CheckTest.app/CheckTest";
			};
			name = Debug;
		};
		B62912E51D03B7BA00B49DC3 /* Release */ = {
			isa = XCBuildConfiguration;
			buildSettings = {
				BUNDLE_LOADER = "$(TEST_HOST)";
				INFOPLIST_FILE = CheckTestTests/Info.plist;
				LD_RUNPATH_SEARCH_PATHS = "$(inherited) @executable_path/Frameworks @loader_path/Frameworks";
				PRODUCT_BUNDLE_IDENTIFIER = yuki.CheckTestTests;
				PRODUCT_NAME = "$(TARGET_NAME)";
				TEST_HOST = "$(BUILT_PRODUCTS_DIR)/CheckTest.app/CheckTest";
			};
			name = Release;
		};
		B62912E71D03B7BA00B49DC3 /* Debug */ = {
			isa = XCBuildConfiguration;
			buildSettings = {
				INFOPLIST_FILE = CheckTestUITests/Info.plist;
				LD_RUNPATH_SEARCH_PATHS = "$(inherited) @executable_path/Frameworks @loader_path/Frameworks";
				PRODUCT_BUNDLE_IDENTIFIER = yuki.CheckTestUITests;
				PRODUCT_NAME = "$(TARGET_NAME)";
				TEST_TARGET_NAME = CheckTest;
			};
			name = Debug;
		};
		B62912E81D03B7BA00B49DC3 /* Release */ = {
			isa = XCBuildConfiguration;
			buildSettings = {
				INFOPLIST_FILE = CheckTestUITests/Info.plist;
				LD_RUNPATH_SEARCH_PATHS = "$(inherited) @executable_path/Frameworks @loader_path/Frameworks";
				PRODUCT_BUNDLE_IDENTIFIER = yuki.CheckTestUITests;
				PRODUCT_NAME = "$(TARGET_NAME)";
				TEST_TARGET_NAME = CheckTest;
			};
			name = Release;
		};
/* End XCBuildConfiguration section */

/* Begin XCConfigurationList section */
		B62912B31D03B7BA00B49DC3 /* Build configuration list for PBXProject "CheckTest" */ = {
			isa = XCConfigurationList;
			buildConfigurations = (
				B62912DE1D03B7BA00B49DC3 /* Debug */,
				B62912DF1D03B7BA00B49DC3 /* Release */,
			);
			defaultConfigurationIsVisible = 0;
			defaultConfigurationName = Release;
		};
		B62912E01D03B7BA00B49DC3 /* Build configuration list for PBXNativeTarget "CheckTest" */ = {
			isa = XCConfigurationList;
			buildConfigurations = (
				B62912E11D03B7BA00B49DC3 /* Debug */,
				B62912E21D03B7BA00B49DC3 /* Release */,
			);
			defaultConfigurationIsVisible = 0;
		};
		B62912E31D03B7BA00B49DC3 /* Build configuration list for PBXNativeTarget "CheckTestTests" */ = {
			isa = XCConfigurationList;
			buildConfigurations = (
				B62912E41D03B7BA00B49DC3 /* Debug */,
				B62912E51D03B7BA00B49DC3 /* Release */,
			);
			defaultConfigurationIsVisible = 0;
		};
		B62912E61D03B7BA00B49DC3 /* Build configuration list for PBXNativeTarget "CheckTestUITests" */ = {
			isa = XCConfigurationList;
			buildConfigurations = (
				B62912E71D03B7BA00B49DC3 /* Debug */,
				B62912E81D03B7BA00B49DC3 /* Release */,
			);
			defaultConfigurationIsVisible = 0;
		};
/* End XCConfigurationList section */
	};
	rootObject = B62912B01D03B7BA00B49DC3 /* Project object */;
}
